// !$*UTF8*$!
{
	archiveVersion = 1;
	classes = {
	};
	objectVersion = 56;
	objects = {

/* Begin PBXBuildFile section */
		1700C2F629138A0C004824E9 /* AppApp.swift in Sources */ = {isa = PBXBuildFile; fileRef = 1700C2F529138A0C004824E9 /* AppApp.swift */; };
		1700C2FA29138A0E004824E9 /* Assets.xcassets in Resources */ = {isa = PBXBuildFile; fileRef = 1700C2F929138A0E004824E9 /* Assets.xcassets */; };
		1700C2FD29138A0E004824E9 /* Preview Assets.xcassets in Resources */ = {isa = PBXBuildFile; fileRef = 1700C2FC29138A0E004824E9 /* Preview Assets.xcassets */; };
		178774DA291500C6008CC1C8 /* TXListItemView.swift in Sources */ = {isa = PBXBuildFile; fileRef = 178774D9291500C6008CC1C8 /* TXListItemView.swift */; };
		178774DD29150885008CC1C8 /* Trilateration.swift in Sources */ = {isa = PBXBuildFile; fileRef = 178774DC29150885008CC1C8 /* Trilateration.swift */; };
		178774DF291511F9008CC1C8 /* Position.swift in Sources */ = {isa = PBXBuildFile; fileRef = 178774DE291511F9008CC1C8 /* Position.swift */; };
		178774E529152B35008CC1C8 /* Signal.swift in Sources */ = {isa = PBXBuildFile; fileRef = 178774E429152B35008CC1C8 /* Signal.swift */; };
		178774ED291636C7008CC1C8 /* PredictionView+Trilateration.swift in Sources */ = {isa = PBXBuildFile; fileRef = 178774EC291636C7008CC1C8 /* PredictionView+Trilateration.swift */; };
		178774EF29163876008CC1C8 /* HeaderView.swift in Sources */ = {isa = PBXBuildFile; fileRef = 178774EE29163876008CC1C8 /* HeaderView.swift */; };
		178774F429163E0C008CC1C8 /* WiTracingSync.swift in Sources */ = {isa = PBXBuildFile; fileRef = 178774F329163E0C008CC1C8 /* WiTracingSync.swift */; };
		178774F6291670A7008CC1C8 /* Constant.swift in Sources */ = {isa = PBXBuildFile; fileRef = 178774F5291670A7008CC1C8 /* Constant.swift */; };
		17D7FC8B2916C5DF002A9153 /* Statistics.swift in Sources */ = {isa = PBXBuildFile; fileRef = 17D7FC8A2916C5DF002A9153 /* Statistics.swift */; };
		17D7FC8D2916CBF4002A9153 /* PredictionChartView.swift in Sources */ = {isa = PBXBuildFile; fileRef = 17D7FC8C2916CBF4002A9153 /* PredictionChartView.swift */; };
		17D7FC8F29173AC8002A9153 /* PredictionPDFChartView.swift in Sources */ = {isa = PBXBuildFile; fileRef = 17D7FC8E29173AC8002A9153 /* PredictionPDFChartView.swift */; };
		17D7FC93291743AE002A9153 /* KalmanFilter.swift in Sources */ = {isa = PBXBuildFile; fileRef = 17D7FC92291743AE002A9153 /* KalmanFilter.swift */; };
		17D7FC95291743C5002A9153 /* Matrix.swift in Sources */ = {isa = PBXBuildFile; fileRef = 17D7FC94291743C5002A9153 /* Matrix.swift */; };
		17D7FC9D29176803002A9153 /* MarixTests.swift in Sources */ = {isa = PBXBuildFile; fileRef = 17D7FC9C29176803002A9153 /* MarixTests.swift */; };
		17D7FCA32917695D002A9153 /* Matrix.swift in Sources */ = {isa = PBXBuildFile; fileRef = 17D7FC94291743C5002A9153 /* Matrix.swift */; };
		17D7FCA52918EDC5002A9153 /* PredictionCDFChartView.swift in Sources */ = {isa = PBXBuildFile; fileRef = 17D7FCA42918EDC5002A9153 /* PredictionCDFChartView.swift */; };
		17D7FCA82918FDEA002A9153 /* DoubleExtension.swift in Sources */ = {isa = PBXBuildFile; fileRef = 17D7FCA72918FDEA002A9153 /* DoubleExtension.swift */; };
		17D7FCAF29194F27002A9153 /* Configuration.swift in Sources */ = {isa = PBXBuildFile; fileRef = 17D7FCAE29194F27002A9153 /* Configuration.swift */; };
		17D7FCB12919DE50002A9153 /* LeastSquares.swift in Sources */ = {isa = PBXBuildFile; fileRef = 17D7FCB02919DE50002A9153 /* LeastSquares.swift */; };
		17D7FCB22919F632002A9153 /* LeastSquares.swift in Sources */ = {isa = PBXBuildFile; fileRef = 17D7FCB02919DE50002A9153 /* LeastSquares.swift */; };
		17D7FCB42919F65C002A9153 /* LeastSquaresTest.swift in Sources */ = {isa = PBXBuildFile; fileRef = 17D7FCB32919F65C002A9153 /* LeastSquaresTest.swift */; };
		17D7FCB52919F6D3002A9153 /* Position.swift in Sources */ = {isa = PBXBuildFile; fileRef = 178774DE291511F9008CC1C8 /* Position.swift */; };
		17D7FCB62919F6E9002A9153 /* TX.swift in Sources */ = {isa = PBXBuildFile; fileRef = 17ED34862913AAA800FAD24B /* TX.swift */; };
		17D7FCB72919F709002A9153 /* Signal.swift in Sources */ = {isa = PBXBuildFile; fileRef = 178774E429152B35008CC1C8 /* Signal.swift */; };
		17D7FCBB291A518F002A9153 /* PredictionView+RNN.swift in Sources */ = {isa = PBXBuildFile; fileRef = 17D7FCBA291A518F002A9153 /* PredictionView+RNN.swift */; };
		17D7FCE3291B8403002A9153 /* Tensor.swift in Sources */ = {isa = PBXBuildFile; fileRef = 17D7FCE2291B8403002A9153 /* Tensor.swift */; };
		17D7FCEC291CEB55002A9153 /* DataManager.swift in Sources */ = {isa = PBXBuildFile; fileRef = 17D7FCEB291CEB55002A9153 /* DataManager.swift */; };
		17D7FCEE291D27FA002A9153 /* Predictor.swift in Sources */ = {isa = PBXBuildFile; fileRef = 17D7FCED291D27FA002A9153 /* Predictor.swift */; };
		17D7FCF1291D30F1002A9153 /* TrilaterationPredictor.swift in Sources */ = {isa = PBXBuildFile; fileRef = 17D7FCF0291D30F1002A9153 /* TrilaterationPredictor.swift */; };
		17D7FCF3291D4DA2002A9153 /* RNNPredictor.swift in Sources */ = {isa = PBXBuildFile; fileRef = 17D7FCF2291D4DA2002A9153 /* RNNPredictor.swift */; };
		17D7FD2C2929FCBA002A9153 /* meanstd.json in Resources */ = {isa = PBXBuildFile; fileRef = 17D7FD2A2929FCBA002A9153 /* meanstd.json */; };
		17D7FD2F292A30DC002A9153 /* rnnpos.mlmodel in Sources */ = {isa = PBXBuildFile; fileRef = 17D7FD2E292A30DC002A9153 /* rnnpos.mlmodel */; };
		17D7FD43292ED053002A9153 /* ARView.swift in Sources */ = {isa = PBXBuildFile; fileRef = 17D7FD42292ED053002A9153 /* ARView.swift */; };
		17ED34872913AAA800FAD24B /* TX.swift in Sources */ = {isa = PBXBuildFile; fileRef = 17ED34862913AAA800FAD24B /* TX.swift */; };
		17ED348D2913BEA100FAD24B /* configuration.json in Resources */ = {isa = PBXBuildFile; fileRef = 17ED348C2913BEA000FAD24B /* configuration.json */; };
		17ED348F2913F1EF00FAD24B /* TXListView.swift in Sources */ = {isa = PBXBuildFile; fileRef = 17ED348E2913F1EF00FAD24B /* TXListView.swift */; };
		17ED349A291479D000FAD24B /* UDPAgent.swift in Sources */ = {isa = PBXBuildFile; fileRef = 17ED3499291479D000FAD24B /* UDPAgent.swift */; };
		17ED34A12914B7C700FAD24B /* WiTracingEntity.swift in Sources */ = {isa = PBXBuildFile; fileRef = 17ED34A02914B7C700FAD24B /* WiTracingEntity.swift */; };
		942F48DA9F3CC9B56201583E /* Pods_App.framework in Frameworks */ = {isa = PBXBuildFile; fileRef = 7A5E9352B87D21F83F27BB83 /* Pods_App.framework */; };
		FD7C6206B27ED2CC49FA7000 /* Pods_AppTests.framework in Frameworks */ = {isa = PBXBuildFile; fileRef = E16A991C3F88284AD6CA2B47 /* Pods_AppTests.framework */; };
/* End PBXBuildFile section */

/* Begin PBXContainerItemProxy section */
		17D7FC9E29176803002A9153 /* PBXContainerItemProxy */ = {
			isa = PBXContainerItemProxy;
			containerPortal = 1700C2EA29138A0C004824E9 /* Project object */;
			proxyType = 1;
			remoteGlobalIDString = 1700C2F129138A0C004824E9;
			remoteInfo = App;
		};
/* End PBXContainerItemProxy section */

/* Begin PBXFileReference section */
		1700C2F229138A0C004824E9 /* App.app */ = {isa = PBXFileReference; explicitFileType = wrapper.application; includeInIndex = 0; path = App.app; sourceTree = BUILT_PRODUCTS_DIR; };
		1700C2F529138A0C004824E9 /* AppApp.swift */ = {isa = PBXFileReference; lastKnownFileType = sourcecode.swift; path = AppApp.swift; sourceTree = "<group>"; };
		1700C2F929138A0E004824E9 /* Assets.xcassets */ = {isa = PBXFileReference; lastKnownFileType = folder.assetcatalog; path = Assets.xcassets; sourceTree = "<group>"; };
		1700C2FC29138A0E004824E9 /* Preview Assets.xcassets */ = {isa = PBXFileReference; lastKnownFileType = folder.assetcatalog; path = "Preview Assets.xcassets"; sourceTree = "<group>"; };
		178774D9291500C6008CC1C8 /* TXListItemView.swift */ = {isa = PBXFileReference; lastKnownFileType = sourcecode.swift; path = TXListItemView.swift; sourceTree = "<group>"; };
		178774DC29150885008CC1C8 /* Trilateration.swift */ = {isa = PBXFileReference; lastKnownFileType = sourcecode.swift; path = Trilateration.swift; sourceTree = "<group>"; };
		178774DE291511F9008CC1C8 /* Position.swift */ = {isa = PBXFileReference; lastKnownFileType = sourcecode.swift; path = Position.swift; sourceTree = "<group>"; };
		178774E429152B35008CC1C8 /* Signal.swift */ = {isa = PBXFileReference; lastKnownFileType = sourcecode.swift; path = Signal.swift; sourceTree = "<group>"; };
		178774EC291636C7008CC1C8 /* PredictionView+Trilateration.swift */ = {isa = PBXFileReference; lastKnownFileType = sourcecode.swift; path = "PredictionView+Trilateration.swift"; sourceTree = "<group>"; };
		178774EE29163876008CC1C8 /* HeaderView.swift */ = {isa = PBXFileReference; lastKnownFileType = sourcecode.swift; path = HeaderView.swift; sourceTree = "<group>"; };
		178774F329163E0C008CC1C8 /* WiTracingSync.swift */ = {isa = PBXFileReference; lastKnownFileType = sourcecode.swift; path = WiTracingSync.swift; sourceTree = "<group>"; };
		178774F5291670A7008CC1C8 /* Constant.swift */ = {isa = PBXFileReference; lastKnownFileType = sourcecode.swift; path = Constant.swift; sourceTree = "<group>"; };
		17D7FC8A2916C5DF002A9153 /* Statistics.swift */ = {isa = PBXFileReference; lastKnownFileType = sourcecode.swift; path = Statistics.swift; sourceTree = "<group>"; };
		17D7FC8C2916CBF4002A9153 /* PredictionChartView.swift */ = {isa = PBXFileReference; lastKnownFileType = sourcecode.swift; path = PredictionChartView.swift; sourceTree = "<group>"; };
		17D7FC8E29173AC8002A9153 /* PredictionPDFChartView.swift */ = {isa = PBXFileReference; lastKnownFileType = sourcecode.swift; path = PredictionPDFChartView.swift; sourceTree = "<group>"; };
		17D7FC92291743AE002A9153 /* KalmanFilter.swift */ = {isa = PBXFileReference; lastKnownFileType = sourcecode.swift; path = KalmanFilter.swift; sourceTree = "<group>"; };
		17D7FC94291743C5002A9153 /* Matrix.swift */ = {isa = PBXFileReference; lastKnownFileType = sourcecode.swift; path = Matrix.swift; sourceTree = "<group>"; };
		17D7FC9A29176803002A9153 /* AppTests.xctest */ = {isa = PBXFileReference; explicitFileType = wrapper.cfbundle; includeInIndex = 0; path = AppTests.xctest; sourceTree = BUILT_PRODUCTS_DIR; };
		17D7FC9C29176803002A9153 /* MarixTests.swift */ = {isa = PBXFileReference; lastKnownFileType = sourcecode.swift; path = MarixTests.swift; sourceTree = "<group>"; };
		17D7FCA42918EDC5002A9153 /* PredictionCDFChartView.swift */ = {isa = PBXFileReference; lastKnownFileType = sourcecode.swift; path = PredictionCDFChartView.swift; sourceTree = "<group>"; };
		17D7FCA72918FDEA002A9153 /* DoubleExtension.swift */ = {isa = PBXFileReference; lastKnownFileType = sourcecode.swift; path = DoubleExtension.swift; sourceTree = "<group>"; };
		17D7FCAE29194F27002A9153 /* Configuration.swift */ = {isa = PBXFileReference; lastKnownFileType = sourcecode.swift; path = Configuration.swift; sourceTree = "<group>"; };
		17D7FCB02919DE50002A9153 /* LeastSquares.swift */ = {isa = PBXFileReference; lastKnownFileType = sourcecode.swift; path = LeastSquares.swift; sourceTree = "<group>"; };
		17D7FCB32919F65C002A9153 /* LeastSquaresTest.swift */ = {isa = PBXFileReference; lastKnownFileType = sourcecode.swift; path = LeastSquaresTest.swift; sourceTree = "<group>"; };
		17D7FCBA291A518F002A9153 /* PredictionView+RNN.swift */ = {isa = PBXFileReference; lastKnownFileType = sourcecode.swift; path = "PredictionView+RNN.swift"; sourceTree = "<group>"; };
		17D7FCE2291B8403002A9153 /* Tensor.swift */ = {isa = PBXFileReference; lastKnownFileType = sourcecode.swift; path = Tensor.swift; sourceTree = "<group>"; };
		17D7FCEB291CEB55002A9153 /* DataManager.swift */ = {isa = PBXFileReference; lastKnownFileType = sourcecode.swift; path = DataManager.swift; sourceTree = "<group>"; };
		17D7FCED291D27FA002A9153 /* Predictor.swift */ = {isa = PBXFileReference; lastKnownFileType = sourcecode.swift; path = Predictor.swift; sourceTree = "<group>"; };
		17D7FCF0291D30F1002A9153 /* TrilaterationPredictor.swift */ = {isa = PBXFileReference; lastKnownFileType = sourcecode.swift; path = TrilaterationPredictor.swift; sourceTree = "<group>"; };
		17D7FCF2291D4DA2002A9153 /* RNNPredictor.swift */ = {isa = PBXFileReference; lastKnownFileType = sourcecode.swift; path = RNNPredictor.swift; sourceTree = "<group>"; };
		17D7FD2A2929FCBA002A9153 /* meanstd.json */ = {isa = PBXFileReference; fileEncoding = 4; lastKnownFileType = text.json; path = meanstd.json; sourceTree = "<group>"; };
		17D7FD2E292A30DC002A9153 /* rnnpos.mlmodel */ = {isa = PBXFileReference; lastKnownFileType = file.mlmodel; path = rnnpos.mlmodel; sourceTree = "<group>"; };
		17D7FD35292E6136002A9153 /* Info.plist */ = {isa = PBXFileReference; lastKnownFileType = text.plist.xml; path = Info.plist; sourceTree = "<group>"; };
		17D7FD42292ED053002A9153 /* ARView.swift */ = {isa = PBXFileReference; lastKnownFileType = sourcecode.swift; path = ARView.swift; sourceTree = "<group>"; };
		17ED34862913AAA800FAD24B /* TX.swift */ = {isa = PBXFileReference; lastKnownFileType = sourcecode.swift; path = TX.swift; sourceTree = "<group>"; };
		17ED348C2913BEA000FAD24B /* configuration.json */ = {isa = PBXFileReference; fileEncoding = 4; lastKnownFileType = text.json; path = configuration.json; sourceTree = "<group>"; };
		17ED348E2913F1EF00FAD24B /* TXListView.swift */ = {isa = PBXFileReference; lastKnownFileType = sourcecode.swift; path = TXListView.swift; sourceTree = "<group>"; };
		17ED3499291479D000FAD24B /* UDPAgent.swift */ = {isa = PBXFileReference; lastKnownFileType = sourcecode.swift; path = UDPAgent.swift; sourceTree = "<group>"; };
		17ED34A02914B7C700FAD24B /* WiTracingEntity.swift */ = {isa = PBXFileReference; lastKnownFileType = sourcecode.swift; path = WiTracingEntity.swift; sourceTree = "<group>"; };
		4BB3D9948338ABB2E5124C37 /* Pods-AppTests.release.xcconfig */ = {isa = PBXFileReference; includeInIndex = 1; lastKnownFileType = text.xcconfig; name = "Pods-AppTests.release.xcconfig"; path = "Target Support Files/Pods-AppTests/Pods-AppTests.release.xcconfig"; sourceTree = "<group>"; };
		653EC647E898BCC300C127AE /* Pods-App.release.xcconfig */ = {isa = PBXFileReference; includeInIndex = 1; lastKnownFileType = text.xcconfig; name = "Pods-App.release.xcconfig"; path = "Target Support Files/Pods-App/Pods-App.release.xcconfig"; sourceTree = "<group>"; };
		67A8321BCEFAB7D3E6AA66E0 /* Pods-App.debug.xcconfig */ = {isa = PBXFileReference; includeInIndex = 1; lastKnownFileType = text.xcconfig; name = "Pods-App.debug.xcconfig"; path = "Target Support Files/Pods-App/Pods-App.debug.xcconfig"; sourceTree = "<group>"; };
		7A5E9352B87D21F83F27BB83 /* Pods_App.framework */ = {isa = PBXFileReference; explicitFileType = wrapper.framework; includeInIndex = 0; path = Pods_App.framework; sourceTree = BUILT_PRODUCTS_DIR; };
		A0EAF2BE39FCEF2A8F7F1D59 /* Pods-AppTests.debug.xcconfig */ = {isa = PBXFileReference; includeInIndex = 1; lastKnownFileType = text.xcconfig; name = "Pods-AppTests.debug.xcconfig"; path = "Target Support Files/Pods-AppTests/Pods-AppTests.debug.xcconfig"; sourceTree = "<group>"; };
		E16A991C3F88284AD6CA2B47 /* Pods_AppTests.framework */ = {isa = PBXFileReference; explicitFileType = wrapper.framework; includeInIndex = 0; path = Pods_AppTests.framework; sourceTree = BUILT_PRODUCTS_DIR; };
/* End PBXFileReference section */

/* Begin PBXFrameworksBuildPhase section */
		1700C2EF29138A0C004824E9 /* Frameworks */ = {
			isa = PBXFrameworksBuildPhase;
			buildActionMask = 2147483647;
			files = (
				942F48DA9F3CC9B56201583E /* Pods_App.framework in Frameworks */,
			);
			runOnlyForDeploymentPostprocessing = 0;
		};
		17D7FC9729176803002A9153 /* Frameworks */ = {
			isa = PBXFrameworksBuildPhase;
			buildActionMask = 2147483647;
			files = (
				FD7C6206B27ED2CC49FA7000 /* Pods_AppTests.framework in Frameworks */,
			);
			runOnlyForDeploymentPostprocessing = 0;
		};
/* End PBXFrameworksBuildPhase section */

/* Begin PBXGroup section */
		1700C2E929138A0C004824E9 = {
			isa = PBXGroup;
			children = (
				1700C2F429138A0C004824E9 /* App */,
				17D7FC9B29176803002A9153 /* AppTests */,
				1700C2F329138A0C004824E9 /* Products */,
				B48602DB3FB78BAE21850EB1 /* Pods */,
				8C3267BD44CD6C4A530C549E /* Frameworks */,
			);
			sourceTree = "<group>";
		};
		1700C2F329138A0C004824E9 /* Products */ = {
			isa = PBXGroup;
			children = (
				1700C2F229138A0C004824E9 /* App.app */,
				17D7FC9A29176803002A9153 /* AppTests.xctest */,
			);
			name = Products;
			sourceTree = "<group>";
		};
		1700C2F429138A0C004824E9 /* App */ = {
			isa = PBXGroup;
			children = (
				17D7FD35292E6136002A9153 /* Info.plist */,
				17D7FD47292ED83E002A9153 /* ARSceneModel */,
				17D7FCA62918FDD6002A9153 /* Extension */,
				17D7FCD9291B79B8002A9153 /* Common */,
				178774DB2915084F008CC1C8 /* Algorithm */,
				17ED349D2914B62A00FAD24B /* TX */,
				17ED34912913F40100FAD24B /* UI */,
				17ED3496291401C400FAD24B /* Networks */,
				1700C2FB29138A0E004824E9 /* Preview Content */,
			);
			path = App;
			sourceTree = "<group>";
		};
		1700C2FB29138A0E004824E9 /* Preview Content */ = {
			isa = PBXGroup;
			children = (
				1700C2FC29138A0E004824E9 /* Preview Assets.xcassets */,
			);
			path = "Preview Content";
			sourceTree = "<group>";
		};
		178774DB2915084F008CC1C8 /* Algorithm */ = {
			isa = PBXGroup;
			children = (
				17D7FCEF291D30D0002A9153 /* Predictors */,
				17D7FCD6291B7946002A9153 /* DeepLearning */,
				178774DE291511F9008CC1C8 /* Position.swift */,
				17D7FCB02919DE50002A9153 /* LeastSquares.swift */,
				178774DC29150885008CC1C8 /* Trilateration.swift */,
				178774E429152B35008CC1C8 /* Signal.swift */,
				17D7FC8A2916C5DF002A9153 /* Statistics.swift */,
				17D7FC92291743AE002A9153 /* KalmanFilter.swift */,
				17D7FC94291743C5002A9153 /* Matrix.swift */,
				17D7FCEB291CEB55002A9153 /* DataManager.swift */,
			);
			path = Algorithm;
			sourceTree = "<group>";
		};
		178774F029163881008CC1C8 /* Templates */ = {
			isa = PBXGroup;
			children = (
				178774EE29163876008CC1C8 /* HeaderView.swift */,
			);
			path = Templates;
			sourceTree = "<group>";
		};
		17D7FC9B29176803002A9153 /* AppTests */ = {
			isa = PBXGroup;
			children = (
				17D7FC9C29176803002A9153 /* MarixTests.swift */,
				17D7FCB32919F65C002A9153 /* LeastSquaresTest.swift */,
			);
			path = AppTests;
			sourceTree = "<group>";
		};
		17D7FCA62918FDD6002A9153 /* Extension */ = {
			isa = PBXGroup;
			children = (
				17D7FCA72918FDEA002A9153 /* DoubleExtension.swift */,
			);
			path = Extension;
			sourceTree = "<group>";
		};
		17D7FCD6291B7946002A9153 /* DeepLearning */ = {
			isa = PBXGroup;
			children = (
				17D7FD2A2929FCBA002A9153 /* meanstd.json */,
				17D7FCE2291B8403002A9153 /* Tensor.swift */,
				17D7FD2E292A30DC002A9153 /* rnnpos.mlmodel */,
			);
			path = DeepLearning;
			sourceTree = "<group>";
		};
		17D7FCD9291B79B8002A9153 /* Common */ = {
			isa = PBXGroup;
			children = (
				178774F5291670A7008CC1C8 /* Constant.swift */,
				17D7FCAE29194F27002A9153 /* Configuration.swift */,
				17ED348C2913BEA000FAD24B /* configuration.json */,
				1700C2F929138A0E004824E9 /* Assets.xcassets */,
			);
			path = Common;
			sourceTree = "<group>";
		};
		17D7FCEF291D30D0002A9153 /* Predictors */ = {
			isa = PBXGroup;
			children = (
				17D7FCED291D27FA002A9153 /* Predictor.swift */,
				17D7FCF0291D30F1002A9153 /* TrilaterationPredictor.swift */,
				17D7FCF2291D4DA2002A9153 /* RNNPredictor.swift */,
			);
			path = Predictors;
			sourceTree = "<group>";
		};
		17D7FD30292E5FA4002A9153 /* Sensor */ = {
			isa = PBXGroup;
			children = (
				17ED348E2913F1EF00FAD24B /* TXListView.swift */,
				178774D9291500C6008CC1C8 /* TXListItemView.swift */,
			);
			path = Sensor;
			sourceTree = "<group>";
		};
		17D7FD31292E5FB4002A9153 /* Predictor */ = {
			isa = PBXGroup;
			children = (
				178774EC291636C7008CC1C8 /* PredictionView+Trilateration.swift */,
				17D7FCBA291A518F002A9153 /* PredictionView+RNN.swift */,
				17D7FC8C2916CBF4002A9153 /* PredictionChartView.swift */,
				17D7FC8E29173AC8002A9153 /* PredictionPDFChartView.swift */,
				17D7FCA42918EDC5002A9153 /* PredictionCDFChartView.swift */,
			);
			path = Predictor;
			sourceTree = "<group>";
		};
		17D7FD32292E5FC6002A9153 /* AR */ = {
			isa = PBXGroup;
			children = (
				17D7FD42292ED053002A9153 /* ARView.swift */,
			);
			path = AR;
			sourceTree = "<group>";
		};
		17D7FD47292ED83E002A9153 /* ARSceneModel */ = {
			isa = PBXGroup;
			children = (
			);
			path = ARSceneModel;
			sourceTree = "<group>";
		};
		17ED34912913F40100FAD24B /* UI */ = {
			isa = PBXGroup;
			children = (
				17D7FD32292E5FC6002A9153 /* AR */,
				17D7FD31292E5FB4002A9153 /* Predictor */,
				17D7FD30292E5FA4002A9153 /* Sensor */,
				178774F029163881008CC1C8 /* Templates */,
				1700C2F529138A0C004824E9 /* AppApp.swift */,
			);
			path = UI;
			sourceTree = "<group>";
		};
		17ED3496291401C400FAD24B /* Networks */ = {
			isa = PBXGroup;
			children = (
				17ED3499291479D000FAD24B /* UDPAgent.swift */,
				17ED34A02914B7C700FAD24B /* WiTracingEntity.swift */,
				178774F329163E0C008CC1C8 /* WiTracingSync.swift */,
			);
			path = Networks;
			sourceTree = "<group>";
		};
		17ED349D2914B62A00FAD24B /* TX */ = {
			isa = PBXGroup;
			children = (
				17ED34862913AAA800FAD24B /* TX.swift */,
			);
			path = TX;
			sourceTree = "<group>";
		};
		8C3267BD44CD6C4A530C549E /* Frameworks */ = {
			isa = PBXGroup;
			children = (
				7A5E9352B87D21F83F27BB83 /* Pods_App.framework */,
				E16A991C3F88284AD6CA2B47 /* Pods_AppTests.framework */,
			);
			name = Frameworks;
			sourceTree = "<group>";
		};
		B48602DB3FB78BAE21850EB1 /* Pods */ = {
			isa = PBXGroup;
			children = (
				67A8321BCEFAB7D3E6AA66E0 /* Pods-App.debug.xcconfig */,
				653EC647E898BCC300C127AE /* Pods-App.release.xcconfig */,
				A0EAF2BE39FCEF2A8F7F1D59 /* Pods-AppTests.debug.xcconfig */,
				4BB3D9948338ABB2E5124C37 /* Pods-AppTests.release.xcconfig */,
			);
			path = Pods;
			sourceTree = "<group>";
		};
/* End PBXGroup section */

/* Begin PBXNativeTarget section */
		1700C2F129138A0C004824E9 /* App */ = {
			isa = PBXNativeTarget;
			buildConfigurationList = 1700C30029138A0E004824E9 /* Build configuration list for PBXNativeTarget "App" */;
			buildPhases = (
				57CE5F997122120288A00984 /* [CP] Check Pods Manifest.lock */,
				1700C2EE29138A0C004824E9 /* Sources */,
				1700C2EF29138A0C004824E9 /* Frameworks */,
				1700C2F029138A0C004824E9 /* Resources */,
				E606A61CBB85C213EE2F8DA7 /* [CP] Embed Pods Frameworks */,
			);
			buildRules = (
			);
			dependencies = (
			);
			name = App;
			productName = App;
			productReference = 1700C2F229138A0C004824E9 /* App.app */;
			productType = "com.apple.product-type.application";
		};
		17D7FC9929176803002A9153 /* AppTests */ = {
			isa = PBXNativeTarget;
			buildConfigurationList = 17D7FCA229176803002A9153 /* Build configuration list for PBXNativeTarget "AppTests" */;
			buildPhases = (
				253F51559165B605812470B2 /* [CP] Check Pods Manifest.lock */,
				17D7FC9629176803002A9153 /* Sources */,
				17D7FC9729176803002A9153 /* Frameworks */,
				17D7FC9829176803002A9153 /* Resources */,
				E9E7A9FC583194CAC7B5B63F /* [CP] Embed Pods Frameworks */,
			);
			buildRules = (
			);
			dependencies = (
				17D7FC9F29176803002A9153 /* PBXTargetDependency */,
			);
			name = AppTests;
			productName = AppTests;
			productReference = 17D7FC9A29176803002A9153 /* AppTests.xctest */;
			productType = "com.apple.product-type.bundle.unit-test";
		};
/* End PBXNativeTarget section */

/* Begin PBXProject section */
		1700C2EA29138A0C004824E9 /* Project object */ = {
			isa = PBXProject;
			attributes = {
				BuildIndependentTargetsInParallel = 1;
				LastSwiftUpdateCheck = 1410;
				LastUpgradeCheck = 1400;
				TargetAttributes = {
					1700C2F129138A0C004824E9 = {
						CreatedOnToolsVersion = 14.0.1;
					};
					17D7FC9929176803002A9153 = {
						CreatedOnToolsVersion = 14.1;
						TestTargetID = 1700C2F129138A0C004824E9;
					};
				};
			};
			buildConfigurationList = 1700C2ED29138A0C004824E9 /* Build configuration list for PBXProject "App" */;
			compatibilityVersion = "Xcode 14.0";
			developmentRegion = en;
			hasScannedForEncodings = 0;
			knownRegions = (
				en,
				Base,
			);
			mainGroup = 1700C2E929138A0C004824E9;
			productRefGroup = 1700C2F329138A0C004824E9 /* Products */;
			projectDirPath = "";
			projectRoot = "";
			targets = (
				1700C2F129138A0C004824E9 /* App */,
				17D7FC9929176803002A9153 /* AppTests */,
			);
		};
/* End PBXProject section */

/* Begin PBXResourcesBuildPhase section */
		1700C2F029138A0C004824E9 /* Resources */ = {
			isa = PBXResourcesBuildPhase;
			buildActionMask = 2147483647;
			files = (
				17D7FD2C2929FCBA002A9153 /* meanstd.json in Resources */,
				1700C2FD29138A0E004824E9 /* Preview Assets.xcassets in Resources */,
				1700C2FA29138A0E004824E9 /* Assets.xcassets in Resources */,
				17ED348D2913BEA100FAD24B /* configuration.json in Resources */,
			);
			runOnlyForDeploymentPostprocessing = 0;
		};
		17D7FC9829176803002A9153 /* Resources */ = {
			isa = PBXResourcesBuildPhase;
			buildActionMask = 2147483647;
			files = (
			);
			runOnlyForDeploymentPostprocessing = 0;
		};
/* End PBXResourcesBuildPhase section */

/* Begin PBXShellScriptBuildPhase section */
		253F51559165B605812470B2 /* [CP] Check Pods Manifest.lock */ = {
			isa = PBXShellScriptBuildPhase;
			buildActionMask = 2147483647;
			files = (
			);
			inputFileListPaths = (
			);
			inputPaths = (
				"${PODS_PODFILE_DIR_PATH}/Podfile.lock",
				"${PODS_ROOT}/Manifest.lock",
			);
			name = "[CP] Check Pods Manifest.lock";
			outputFileListPaths = (
			);
			outputPaths = (
				"$(DERIVED_FILE_DIR)/Pods-AppTests-checkManifestLockResult.txt",
			);
			runOnlyForDeploymentPostprocessing = 0;
			shellPath = /bin/sh;
			shellScript = "diff \"${PODS_PODFILE_DIR_PATH}/Podfile.lock\" \"${PODS_ROOT}/Manifest.lock\" > /dev/null\nif [ $? != 0 ] ; then\n    # print error to STDERR\n    echo \"error: The sandbox is not in sync with the Podfile.lock. Run 'pod install' or update your CocoaPods installation.\" >&2\n    exit 1\nfi\n# This output is used by Xcode 'outputs' to avoid re-running this script phase.\necho \"SUCCESS\" > \"${SCRIPT_OUTPUT_FILE_0}\"\n";
			showEnvVarsInLog = 0;
		};
		57CE5F997122120288A00984 /* [CP] Check Pods Manifest.lock */ = {
			isa = PBXShellScriptBuildPhase;
			buildActionMask = 2147483647;
			files = (
			);
			inputFileListPaths = (
			);
			inputPaths = (
				"${PODS_PODFILE_DIR_PATH}/Podfile.lock",
				"${PODS_ROOT}/Manifest.lock",
			);
			name = "[CP] Check Pods Manifest.lock";
			outputFileListPaths = (
			);
			outputPaths = (
				"$(DERIVED_FILE_DIR)/Pods-App-checkManifestLockResult.txt",
			);
			runOnlyForDeploymentPostprocessing = 0;
			shellPath = /bin/sh;
			shellScript = "diff \"${PODS_PODFILE_DIR_PATH}/Podfile.lock\" \"${PODS_ROOT}/Manifest.lock\" > /dev/null\nif [ $? != 0 ] ; then\n    # print error to STDERR\n    echo \"error: The sandbox is not in sync with the Podfile.lock. Run 'pod install' or update your CocoaPods installation.\" >&2\n    exit 1\nfi\n# This output is used by Xcode 'outputs' to avoid re-running this script phase.\necho \"SUCCESS\" > \"${SCRIPT_OUTPUT_FILE_0}\"\n";
			showEnvVarsInLog = 0;
		};
		E606A61CBB85C213EE2F8DA7 /* [CP] Embed Pods Frameworks */ = {
			isa = PBXShellScriptBuildPhase;
			buildActionMask = 2147483647;
			files = (
			);
			inputFileListPaths = (
				"${PODS_ROOT}/Target Support Files/Pods-App/Pods-App-frameworks-${CONFIGURATION}-input-files.xcfilelist",
			);
			name = "[CP] Embed Pods Frameworks";
			outputFileListPaths = (
				"${PODS_ROOT}/Target Support Files/Pods-App/Pods-App-frameworks-${CONFIGURATION}-output-files.xcfilelist",
			);
			runOnlyForDeploymentPostprocessing = 0;
			shellPath = /bin/sh;
			shellScript = "\"${PODS_ROOT}/Target Support Files/Pods-App/Pods-App-frameworks.sh\"\n";
			showEnvVarsInLog = 0;
		};
		E9E7A9FC583194CAC7B5B63F /* [CP] Embed Pods Frameworks */ = {
			isa = PBXShellScriptBuildPhase;
			buildActionMask = 2147483647;
			files = (
			);
			inputFileListPaths = (
				"${PODS_ROOT}/Target Support Files/Pods-AppTests/Pods-AppTests-frameworks-${CONFIGURATION}-input-files.xcfilelist",
			);
			name = "[CP] Embed Pods Frameworks";
			outputFileListPaths = (
				"${PODS_ROOT}/Target Support Files/Pods-AppTests/Pods-AppTests-frameworks-${CONFIGURATION}-output-files.xcfilelist",
			);
			runOnlyForDeploymentPostprocessing = 0;
			shellPath = /bin/sh;
			shellScript = "\"${PODS_ROOT}/Target Support Files/Pods-AppTests/Pods-AppTests-frameworks.sh\"\n";
			showEnvVarsInLog = 0;
		};
/* End PBXShellScriptBuildPhase section */

/* Begin PBXSourcesBuildPhase section */
		1700C2EE29138A0C004824E9 /* Sources */ = {
			isa = PBXSourcesBuildPhase;
			buildActionMask = 2147483647;
			files = (
				178774DF291511F9008CC1C8 /* Position.swift in Sources */,
				17D7FC8F29173AC8002A9153 /* PredictionPDFChartView.swift in Sources */,
				17D7FCA52918EDC5002A9153 /* PredictionCDFChartView.swift in Sources */,
				17D7FCA82918FDEA002A9153 /* DoubleExtension.swift in Sources */,
				17ED349A291479D000FAD24B /* UDPAgent.swift in Sources */,
				178774EF29163876008CC1C8 /* HeaderView.swift in Sources */,
				17ED34A12914B7C700FAD24B /* WiTracingEntity.swift in Sources */,
				178774E529152B35008CC1C8 /* Signal.swift in Sources */,
				178774DD29150885008CC1C8 /* Trilateration.swift in Sources */,
				1700C2F629138A0C004824E9 /* AppApp.swift in Sources */,
				17D7FCE3291B8403002A9153 /* Tensor.swift in Sources */,
				17ED34872913AAA800FAD24B /* TX.swift in Sources */,
				17D7FCF3291D4DA2002A9153 /* RNNPredictor.swift in Sources */,
				178774F6291670A7008CC1C8 /* Constant.swift in Sources */,
				17D7FCEC291CEB55002A9153 /* DataManager.swift in Sources */,
				17D7FC8D2916CBF4002A9153 /* PredictionChartView.swift in Sources */,
				17D7FD2F292A30DC002A9153 /* rnnpos.mlmodel in Sources */,
				17D7FC95291743C5002A9153 /* Matrix.swift in Sources */,
				17D7FCBB291A518F002A9153 /* PredictionView+RNN.swift in Sources */,
				178774F429163E0C008CC1C8 /* WiTracingSync.swift in Sources */,
				17D7FC93291743AE002A9153 /* KalmanFilter.swift in Sources */,
				178774ED291636C7008CC1C8 /* PredictionView+Trilateration.swift in Sources */,
				17D7FCAF29194F27002A9153 /* Configuration.swift in Sources */,
				17D7FC8B2916C5DF002A9153 /* Statistics.swift in Sources */,
				17D7FCF1291D30F1002A9153 /* TrilaterationPredictor.swift in Sources */,
				17ED348F2913F1EF00FAD24B /* TXListView.swift in Sources */,
				17D7FD43292ED053002A9153 /* ARView.swift in Sources */,
				178774DA291500C6008CC1C8 /* TXListItemView.swift in Sources */,
				17D7FCEE291D27FA002A9153 /* Predictor.swift in Sources */,
				17D7FCB12919DE50002A9153 /* LeastSquares.swift in Sources */,
			);
			runOnlyForDeploymentPostprocessing = 0;
		};
		17D7FC9629176803002A9153 /* Sources */ = {
			isa = PBXSourcesBuildPhase;
			buildActionMask = 2147483647;
			files = (
				17D7FCA32917695D002A9153 /* Matrix.swift in Sources */,
				17D7FCB72919F709002A9153 /* Signal.swift in Sources */,
				17D7FC9D29176803002A9153 /* MarixTests.swift in Sources */,
				17D7FCB42919F65C002A9153 /* LeastSquaresTest.swift in Sources */,
				17D7FCB52919F6D3002A9153 /* Position.swift in Sources */,
				17D7FCB22919F632002A9153 /* LeastSquares.swift in Sources */,
				17D7FCB62919F6E9002A9153 /* TX.swift in Sources */,
			);
			runOnlyForDeploymentPostprocessing = 0;
		};
/* End PBXSourcesBuildPhase section */

/* Begin PBXTargetDependency section */
		17D7FC9F29176803002A9153 /* PBXTargetDependency */ = {
			isa = PBXTargetDependency;
			target = 1700C2F129138A0C004824E9 /* App */;
			targetProxy = 17D7FC9E29176803002A9153 /* PBXContainerItemProxy */;
		};
/* End PBXTargetDependency section */

/* Begin XCBuildConfiguration section */
		1700C2FE29138A0E004824E9 /* Debug */ = {
			isa = XCBuildConfiguration;
			buildSettings = {
				ALWAYS_SEARCH_USER_PATHS = NO;
				CLANG_ANALYZER_NONNULL = YES;
				CLANG_ANALYZER_NUMBER_OBJECT_CONVERSION = YES_AGGRESSIVE;
				CLANG_CXX_LANGUAGE_STANDARD = "gnu++20";
				CLANG_ENABLE_MODULES = YES;
				CLANG_ENABLE_OBJC_ARC = YES;
				CLANG_ENABLE_OBJC_WEAK = YES;
				CLANG_WARN_BLOCK_CAPTURE_AUTORELEASING = YES;
				CLANG_WARN_BOOL_CONVERSION = YES;
				CLANG_WARN_COMMA = YES;
				CLANG_WARN_CONSTANT_CONVERSION = YES;
				CLANG_WARN_DEPRECATED_OBJC_IMPLEMENTATIONS = YES;
				CLANG_WARN_DIRECT_OBJC_ISA_USAGE = YES_ERROR;
				CLANG_WARN_DOCUMENTATION_COMMENTS = YES;
				CLANG_WARN_EMPTY_BODY = YES;
				CLANG_WARN_ENUM_CONVERSION = YES;
				CLANG_WARN_INFINITE_RECURSION = YES;
				CLANG_WARN_INT_CONVERSION = YES;
				CLANG_WARN_NON_LITERAL_NULL_CONVERSION = YES;
				CLANG_WARN_OBJC_IMPLICIT_RETAIN_SELF = YES;
				CLANG_WARN_OBJC_LITERAL_CONVERSION = YES;
				CLANG_WARN_OBJC_ROOT_CLASS = YES_ERROR;
				CLANG_WARN_QUOTED_INCLUDE_IN_FRAMEWORK_HEADER = YES;
				CLANG_WARN_RANGE_LOOP_ANALYSIS = YES;
				CLANG_WARN_STRICT_PROTOTYPES = YES;
				CLANG_WARN_SUSPICIOUS_MOVE = YES;
				CLANG_WARN_UNGUARDED_AVAILABILITY = YES_AGGRESSIVE;
				CLANG_WARN_UNREACHABLE_CODE = YES;
				CLANG_WARN__DUPLICATE_METHOD_MATCH = YES;
				COPY_PHASE_STRIP = NO;
				DEBUG_INFORMATION_FORMAT = dwarf;
				ENABLE_STRICT_OBJC_MSGSEND = YES;
				ENABLE_TESTABILITY = YES;
				GCC_C_LANGUAGE_STANDARD = gnu11;
				GCC_DYNAMIC_NO_PIC = NO;
				GCC_NO_COMMON_BLOCKS = YES;
				GCC_OPTIMIZATION_LEVEL = 0;
				GCC_PREPROCESSOR_DEFINITIONS = (
					"DEBUG=1",
					"$(inherited)",
				);
				GCC_WARN_64_TO_32_BIT_CONVERSION = YES;
				GCC_WARN_ABOUT_RETURN_TYPE = YES_ERROR;
				GCC_WARN_UNDECLARED_SELECTOR = YES;
				GCC_WARN_UNINITIALIZED_AUTOS = YES_AGGRESSIVE;
				GCC_WARN_UNUSED_FUNCTION = YES;
				GCC_WARN_UNUSED_VARIABLE = YES;
				IPHONEOS_DEPLOYMENT_TARGET = 16.0;
				MTL_ENABLE_DEBUG_INFO = INCLUDE_SOURCE;
				MTL_FAST_MATH = YES;
				ONLY_ACTIVE_ARCH = YES;
				SDKROOT = iphoneos;
				SWIFT_ACTIVE_COMPILATION_CONDITIONS = DEBUG;
				SWIFT_OPTIMIZATION_LEVEL = "-Onone";
			};
			name = Debug;
		};
		1700C2FF29138A0E004824E9 /* Release */ = {
			isa = XCBuildConfiguration;
			buildSettings = {
				ALWAYS_SEARCH_USER_PATHS = NO;
				CLANG_ANALYZER_NONNULL = YES;
				CLANG_ANALYZER_NUMBER_OBJECT_CONVERSION = YES_AGGRESSIVE;
				CLANG_CXX_LANGUAGE_STANDARD = "gnu++20";
				CLANG_ENABLE_MODULES = YES;
				CLANG_ENABLE_OBJC_ARC = YES;
				CLANG_ENABLE_OBJC_WEAK = YES;
				CLANG_WARN_BLOCK_CAPTURE_AUTORELEASING = YES;
				CLANG_WARN_BOOL_CONVERSION = YES;
				CLANG_WARN_COMMA = YES;
				CLANG_WARN_CONSTANT_CONVERSION = YES;
				CLANG_WARN_DEPRECATED_OBJC_IMPLEMENTATIONS = YES;
				CLANG_WARN_DIRECT_OBJC_ISA_USAGE = YES_ERROR;
				CLANG_WARN_DOCUMENTATION_COMMENTS = YES;
				CLANG_WARN_EMPTY_BODY = YES;
				CLANG_WARN_ENUM_CONVERSION = YES;
				CLANG_WARN_INFINITE_RECURSION = YES;
				CLANG_WARN_INT_CONVERSION = YES;
				CLANG_WARN_NON_LITERAL_NULL_CONVERSION = YES;
				CLANG_WARN_OBJC_IMPLICIT_RETAIN_SELF = YES;
				CLANG_WARN_OBJC_LITERAL_CONVERSION = YES;
				CLANG_WARN_OBJC_ROOT_CLASS = YES_ERROR;
				CLANG_WARN_QUOTED_INCLUDE_IN_FRAMEWORK_HEADER = YES;
				CLANG_WARN_RANGE_LOOP_ANALYSIS = YES;
				CLANG_WARN_STRICT_PROTOTYPES = YES;
				CLANG_WARN_SUSPICIOUS_MOVE = YES;
				CLANG_WARN_UNGUARDED_AVAILABILITY = YES_AGGRESSIVE;
				CLANG_WARN_UNREACHABLE_CODE = YES;
				CLANG_WARN__DUPLICATE_METHOD_MATCH = YES;
				COPY_PHASE_STRIP = NO;
				DEBUG_INFORMATION_FORMAT = "dwarf-with-dsym";
				ENABLE_NS_ASSERTIONS = NO;
				ENABLE_STRICT_OBJC_MSGSEND = YES;
				GCC_C_LANGUAGE_STANDARD = gnu11;
				GCC_NO_COMMON_BLOCKS = YES;
				GCC_WARN_64_TO_32_BIT_CONVERSION = YES;
				GCC_WARN_ABOUT_RETURN_TYPE = YES_ERROR;
				GCC_WARN_UNDECLARED_SELECTOR = YES;
				GCC_WARN_UNINITIALIZED_AUTOS = YES_AGGRESSIVE;
				GCC_WARN_UNUSED_FUNCTION = YES;
				GCC_WARN_UNUSED_VARIABLE = YES;
				IPHONEOS_DEPLOYMENT_TARGET = 16.0;
				MTL_ENABLE_DEBUG_INFO = NO;
				MTL_FAST_MATH = YES;
				SDKROOT = iphoneos;
				SWIFT_COMPILATION_MODE = wholemodule;
				SWIFT_OPTIMIZATION_LEVEL = "-O";
				VALIDATE_PRODUCT = YES;
			};
			name = Release;
		};
		1700C30129138A0E004824E9 /* Debug */ = {
			isa = XCBuildConfiguration;
			baseConfigurationReference = 67A8321BCEFAB7D3E6AA66E0 /* Pods-App.debug.xcconfig */;
			buildSettings = {
				ASSETCATALOG_COMPILER_APPICON_NAME = AppIcon;
				ASSETCATALOG_COMPILER_GLOBAL_ACCENT_COLOR_NAME = AccentColor;
				CODE_SIGN_STYLE = Automatic;
				CURRENT_PROJECT_VERSION = 1;
				DEVELOPMENT_ASSET_PATHS = "\"App/Preview Content\"";
				DEVELOPMENT_TEAM = PWU2WSWPP6;
				ENABLE_PREVIEWS = YES;
				GENERATE_INFOPLIST_FILE = YES;
				INFOPLIST_FILE = App/Info.plist;
				INFOPLIST_KEY_NSCameraUsageDescription = "Enable AR features";
				INFOPLIST_KEY_UIApplicationSceneManifest_Generation = YES;
				INFOPLIST_KEY_UIApplicationSupportsIndirectInputEvents = YES;
				INFOPLIST_KEY_UILaunchScreen_Generation = YES;
				INFOPLIST_KEY_UISupportedInterfaceOrientations = UIInterfaceOrientationPortrait;
				INFOPLIST_KEY_UIUserInterfaceStyle = Light;
				LD_RUNPATH_SEARCH_PATHS = (
					"$(inherited)",
					"@executable_path/Frameworks",
				);
				MARKETING_VERSION = 1.0;
				PRODUCT_BUNDLE_IDENTIFIER = WiTracing.App;
				PRODUCT_NAME = "$(TARGET_NAME)";
				SUPPORTED_PLATFORMS = "iphoneos iphonesimulator";
				SUPPORTS_MACCATALYST = NO;
				SUPPORTS_MAC_DESIGNED_FOR_IPHONE_IPAD = NO;
				SWIFT_EMIT_LOC_STRINGS = YES;
				SWIFT_VERSION = 5.0;
				TARGETED_DEVICE_FAMILY = "1,2";
			};
			name = Debug;
		};
		1700C30229138A0E004824E9 /* Release */ = {
			isa = XCBuildConfiguration;
			baseConfigurationReference = 653EC647E898BCC300C127AE /* Pods-App.release.xcconfig */;
			buildSettings = {
				ASSETCATALOG_COMPILER_APPICON_NAME = AppIcon;
				ASSETCATALOG_COMPILER_GLOBAL_ACCENT_COLOR_NAME = AccentColor;
				CODE_SIGN_STYLE = Automatic;
				CURRENT_PROJECT_VERSION = 1;
				DEVELOPMENT_ASSET_PATHS = "\"App/Preview Content\"";
				DEVELOPMENT_TEAM = PWU2WSWPP6;
				ENABLE_PREVIEWS = YES;
				GENERATE_INFOPLIST_FILE = YES;
				INFOPLIST_FILE = App/Info.plist;
				INFOPLIST_KEY_NSCameraUsageDescription = "Enable AR features";
				INFOPLIST_KEY_UIApplicationSceneManifest_Generation = YES;
				INFOPLIST_KEY_UIApplicationSupportsIndirectInputEvents = YES;
				INFOPLIST_KEY_UILaunchScreen_Generation = YES;
				INFOPLIST_KEY_UISupportedInterfaceOrientations = UIInterfaceOrientationPortrait;
				INFOPLIST_KEY_UIUserInterfaceStyle = Light;
				LD_RUNPATH_SEARCH_PATHS = (
					"$(inherited)",
					"@executable_path/Frameworks",
				);
				MARKETING_VERSION = 1.0;
				PRODUCT_BUNDLE_IDENTIFIER = WiTracing.App;
				PRODUCT_NAME = "$(TARGET_NAME)";
				SUPPORTED_PLATFORMS = "iphoneos iphonesimulator";
				SUPPORTS_MACCATALYST = NO;
				SUPPORTS_MAC_DESIGNED_FOR_IPHONE_IPAD = NO;
				SWIFT_EMIT_LOC_STRINGS = YES;
				SWIFT_VERSION = 5.0;
				TARGETED_DEVICE_FAMILY = "1,2";
			};
			name = Release;
		};
		17D7FCA029176803002A9153 /* Debug */ = {
			isa = XCBuildConfiguration;
			baseConfigurationReference = A0EAF2BE39FCEF2A8F7F1D59 /* Pods-AppTests.debug.xcconfig */;
			buildSettings = {
				BUNDLE_LOADER = "$(TEST_HOST)";
				CODE_SIGN_STYLE = Automatic;
				CURRENT_PROJECT_VERSION = 1;
				DEVELOPMENT_TEAM = PWU2WSWPP6;
				GENERATE_INFOPLIST_FILE = YES;
				IPHONEOS_DEPLOYMENT_TARGET = 16.0;
				MARKETING_VERSION = 1.0;
				PRODUCT_BUNDLE_IDENTIFIER = WiTracing.AppTests;
				PRODUCT_NAME = "$(TARGET_NAME)";
				SUPPORTED_PLATFORMS = "iphoneos iphonesimulator";
				SUPPORTS_MACCATALYST = NO;
				SUPPORTS_MAC_DESIGNED_FOR_IPHONE_IPAD = NO;
				SWIFT_EMIT_LOC_STRINGS = NO;
				SWIFT_VERSION = 5.0;
				TARGETED_DEVICE_FAMILY = "1,2";
				TEST_HOST = "$(BUILT_PRODUCTS_DIR)/App.app/$(BUNDLE_EXECUTABLE_FOLDER_PATH)/App";
			};
			name = Debug;
		};
		17D7FCA129176803002A9153 /* Release */ = {
			isa = XCBuildConfiguration;
			baseConfigurationReference = 4BB3D9948338ABB2E5124C37 /* Pods-AppTests.release.xcconfig */;
			buildSettings = {
				BUNDLE_LOADER = "$(TEST_HOST)";
				CODE_SIGN_STYLE = Automatic;
				CURRENT_PROJECT_VERSION = 1;
				DEVELOPMENT_TEAM = PWU2WSWPP6;
				GENERATE_INFOPLIST_FILE = YES;
				IPHONEOS_DEPLOYMENT_TARGET = 16.0;
				MARKETING_VERSION = 1.0;
				PRODUCT_BUNDLE_IDENTIFIER = WiTracing.AppTests;
				PRODUCT_NAME = "$(TARGET_NAME)";
				SUPPORTED_PLATFORMS = "iphoneos iphonesimulator";
				SUPPORTS_MACCATALYST = NO;
				SUPPORTS_MAC_DESIGNED_FOR_IPHONE_IPAD = NO;
				SWIFT_EMIT_LOC_STRINGS = NO;
				SWIFT_VERSION = 5.0;
				TARGETED_DEVICE_FAMILY = "1,2";
				TEST_HOST = "$(BUILT_PRODUCTS_DIR)/App.app/$(BUNDLE_EXECUTABLE_FOLDER_PATH)/App";
			};
			name = Release;
		};
/* End XCBuildConfiguration section */

/* Begin XCConfigurationList section */
		1700C2ED29138A0C004824E9 /* Build configuration list for PBXProject "App" */ = {
			isa = XCConfigurationList;
			buildConfigurations = (
				1700C2FE29138A0E004824E9 /* Debug */,
				1700C2FF29138A0E004824E9 /* Release */,
			);
			defaultConfigurationIsVisible = 0;
			defaultConfigurationName = Release;
		};
		1700C30029138A0E004824E9 /* Build configuration list for PBXNativeTarget "App" */ = {
			isa = XCConfigurationList;
			buildConfigurations = (
				1700C30129138A0E004824E9 /* Debug */,
				1700C30229138A0E004824E9 /* Release */,
			);
			defaultConfigurationIsVisible = 0;
			defaultConfigurationName = Release;
		};
		17D7FCA229176803002A9153 /* Build configuration list for PBXNativeTarget "AppTests" */ = {
			isa = XCConfigurationList;
			buildConfigurations = (
				17D7FCA029176803002A9153 /* Debug */,
				17D7FCA129176803002A9153 /* Release */,
			);
			defaultConfigurationIsVisible = 0;
			defaultConfigurationName = Release;
		};
/* End XCConfigurationList section */
	};
	rootObject = 1700C2EA29138A0C004824E9 /* Project object */;
}
